
Microsoft Visual Studio Solution File, Format Version 12.00
# Visual Studio Version 17
VisualStudioVersion = 17.4.33110.190
MinimumVisualStudioVersion = 10.0.40219.1
Project("{FAE04EC0-301F-11D3-BF4B-00C04F79EFBC}") = "Back.API", "Back.API\Back.API.csproj", "{52EEBB61-DE49-421D-8F54-1F54BEAAC53E}"
EndProject
Project("{FAE04EC0-301F-11D3-BF4B-00C04F79EFBC}") = "Back.Business", "Back.Business\Back.Business.csproj", "{8B0AE75A-524E-49A1-9A1D-94BAB4C68C37}"
EndProject
Project("{FAE04EC0-301F-11D3-BF4B-00C04F79EFBC}") = "Back.DataAccess", "Back.DataAccess\Back.DataAccess.csproj", "{BB484A5A-D6C3-4568-A276-35AA5CDB6AAB}"
EndProject
Global
	GlobalSection(SolutionConfigurationPlatforms) = preSolution
		Debug|Any CPU = Debug|Any CPU
		Release|Any CPU = Release|Any CPU
	EndGlobalSection
	GlobalSection(ProjectConfigurationPlatforms) = postSolution
		{52EEBB61-DE49-421D-8F54-1F54BEAAC53E}.Debug|Any CPU.ActiveCfg = Debug|Any CPU
		{52EEBB61-DE49-421D-8F54-1F54BEAAC53E}.Debug|Any CPU.Build.0 = Debug|Any CPU
		{52EEBB61-DE49-421D-8F54-1F54BEAAC53E}.Release|Any CPU.ActiveCfg = Release|Any CPU
		{52EEBB61-DE49-421D-8F54-1F54BEAAC53E}.Release|Any CPU.Build.0 = Release|Any CPU
		{8B0AE75A-524E-49A1-9A1D-94BAB4C68C37}.Debug|Any CPU.ActiveCfg = Debug|Any CPU
		{8B0AE75A-524E-49A1-9A1D-94BAB4C68C37}.Debug|Any CPU.Build.0 = Debug|Any CPU
		{8B0AE75A-524E-49A1-9A1D-94BAB4C68C37}.Release|Any CPU.ActiveCfg = Release|Any CPU
		{8B0AE75A-524E-49A1-9A1D-94BAB4C68C37}.Release|Any CPU.Build.0 = Release|Any CPU
		{BB484A5A-D6C3-4568-A276-35AA5CDB6AAB}.Debug|Any CPU.ActiveCfg = Debug|Any CPU
		{BB484A5A-D6C3-4568-A276-35AA5CDB6AAB}.Debug|Any CPU.Build.0 = Debug|Any CPU
		{BB484A5A-D6C3-4568-A276-35AA5CDB6AAB}.Release|Any CPU.ActiveCfg = Release|Any CPU
		{BB484A5A-D6C3-4568-A276-35AA5CDB6AAB}.Release|Any CPU.Build.0 = Release|Any CPU
	EndGlobalSection
	GlobalSection(SolutionProperties) = preSolution
		HideSolutionNode = FALSE
	EndGlobalSection
	GlobalSection(ExtensibilityGlobals) = postSolution
		SolutionGuid = {46F32E99-BD81-4D35-9EA3-90CDE206AC9D}
	EndGlobalSection
EndGlobal
